
Microsoft Visual Studio Solution File, Format Version 12.00
# Visual Studio 15
VisualStudioVersion = 15.0.27130.2010
MinimumVisualStudioVersion = 10.0.40219.1
Project("{DA7A21FA-8162-4350-AD77-A8D1B671F3ED}") = "Sitecore-log-file-analyzer", "Sitecore-log-file-analyzer-MSFT\Sitecore-log-file-analyzer.rxproj", "{16D1C54A-7DB7-449D-8922-39E9133787D3}"
EndProject
Global
	GlobalSection(SolutionConfigurationPlatforms) = preSolution
		Debug|Any CPU = Debug|Any CPU
		Release|Any CPU = Release|Any CPU
	EndGlobalSection
	GlobalSection(ProjectConfigurationPlatforms) = postSolution
		{16D1C54A-7DB7-449D-8922-39E9133787D3}.Debug|Any CPU.ActiveCfg = Debug|Any CPU
		{16D1C54A-7DB7-449D-8922-39E9133787D3}.Debug|Any CPU.Build.0 = Debug|Any CPU
		{16D1C54A-7DB7-449D-8922-39E9133787D3}.Release|Any CPU.ActiveCfg = Debug|Any CPU
		{16D1C54A-7DB7-449D-8922-39E9133787D3}.Release|Any CPU.Build.0 = Debug|Any CPU
	EndGlobalSection
	GlobalSection(SolutionProperties) = preSolution
		HideSolutionNode = FALSE
	EndGlobalSection
	GlobalSection(ExtensibilityGlobals) = postSolution
		SolutionGuid = {EAC01B65-DD99-4299-8F77-F59F5BB52863}
	EndGlobalSection
EndGlobal
